
Microsoft Visual Studio Solution File, Format Version 12.00
# Visual Studio Version 16
VisualStudioVersion = 16.0.30621.155
MinimumVisualStudioVersion = 10.0.40219.1
Project("{2150E333-8FDC-42A3-9474-1A3956D46DE8}") = "src", "src", "{0DCA2E42-3C78-45CD-AF8A-BA569F8F57CB}"
EndProject
Project("{2150E333-8FDC-42A3-9474-1A3956D46DE8}") = "Services", "Services", "{B9F19542-203A-476B-A94C-FFF016730066}"
EndProject
Project("{2150E333-8FDC-42A3-9474-1A3956D46DE8}") = "ApiGateways", "ApiGateways", "{887CBD3D-45D4-4807-B2B5-839509DF342D}"
	ProjectSection(SolutionItems) = preProject
		src\ApiGateways\Dockerfile = src\ApiGateways\Dockerfile
	EndProjectSection
EndProject
Project("{9A19103F-16F7-4668-BE54-9A1E7A4F7556}") = "Web.Platform.HttpAggregator", "src\ApiGateways\Web.Platform.HttpAggregator\Web.Platform.HttpAggregator.csproj", "{BF6EC550-7349-4E48-88BF-06FF19334968}"
EndProject
Project("{2150E333-8FDC-42A3-9474-1A3956D46DE8}") = "Identity", "Identity", "{64A22F18-976E-4FAD-B414-4756870D7CA1}"
	ProjectSection(SolutionItems) = preProject
		src\Services\Identity\Dockerfile = src\Services\Identity\Dockerfile
	EndProjectSection
EndProject
Project("{9A19103F-16F7-4668-BE54-9A1E7A4F7556}") = "Identity.API", "src\Services\Identity\Identity.API\Identity.API.csproj", "{CE5934DE-FB09-4CCC-9B32-1F478E82DA09}"
EndProject
Project("{E53339B2-1760-4266-BCC7-CA923CBCF16C}") = "docker-compose", "docker-compose.dcproj", "{E5EA9E19-9400-41E7-91CA-DB58C6E7AF6D}"
EndProject
Project("{2150E333-8FDC-42A3-9474-1A3956D46DE8}") = "Domain", "Domain", "{56A107FB-0890-427E-A891-D847A51B8A1E}"
EndProject
Project("{2150E333-8FDC-42A3-9474-1A3956D46DE8}") = "Infrastructure", "Infrastructure", "{C37ADBB1-537E-44AE-B02B-B286BC60E14F}"
EndProject
Project("{2150E333-8FDC-42A3-9474-1A3956D46DE8}") = "Services", "Services", "{5FD99E7F-5DB2-4F23-BA89-85AB844911BB}"
EndProject
Project("{9A19103F-16F7-4668-BE54-9A1E7A4F7556}") = "Identity.Domain.Core", "src\Services\Identity\Domain\Identity.Domain.Core\Identity.Domain.Core.csproj", "{4312BEAD-2C5F-4C5E-A04A-F6522940143C}"
EndProject
Project("{9A19103F-16F7-4668-BE54-9A1E7A4F7556}") = "Identity.Domain.Interfaces", "src\Services\Identity\Domain\Identity.Domain.Interfaces\Identity.Domain.Interfaces.csproj", "{88E300CF-64EF-411F-AEDD-1E574DF09D78}"
EndProject
Project("{9A19103F-16F7-4668-BE54-9A1E7A4F7556}") = "Identity.Infrastructure.Business", "src\Services\Identity\Infrastructure\Identity.Infrastructure.Business\Identity.Infrastructure.Business.csproj", "{DBD33C3F-6252-4E5F-8F59-709B86D957AE}"
EndProject
Project("{9A19103F-16F7-4668-BE54-9A1E7A4F7556}") = "Identity.Infrastructure.Data", "src\Services\Identity\Infrastructure\Identity.Infrastructure.Data\Identity.Infrastructure.Data.csproj", "{99EC5B6E-6EC1-472B-B1DB-7D1BDA7D42F5}"
EndProject
Project("{9A19103F-16F7-4668-BE54-9A1E7A4F7556}") = "Identity.Services.Interfaces", "src\Services\Identity\Services\Identity.Services.Interfaces\Identity.Services.Interfaces.csproj", "{8869C948-E83D-4B0E-B5D9-2EBADC3F0BEF}"
EndProject
Project("{2150E333-8FDC-42A3-9474-1A3956D46DE8}") = "Heritage", "Heritage", "{2CFF306F-3B53-45A2-A3FE-31FB854A431C}"
	ProjectSection(SolutionItems) = preProject
		src\Services\Heritage\Dockerfile = src\Services\Heritage\Dockerfile
	EndProjectSection
EndProject
Project("{2150E333-8FDC-42A3-9474-1A3956D46DE8}") = "Domain", "Domain", "{D8245ECF-CBAF-4B77-9CFC-0B6FD6864951}"
EndProject
Project("{9A19103F-16F7-4668-BE54-9A1E7A4F7556}") = "Heritage.Domain.Core", "src\Services\Heritage\Domain\Heritage.Domain.Core\Heritage.Domain.Core.csproj", "{670AECB4-423F-44DA-BE63-A799C7A97159}"
EndProject
Project("{2150E333-8FDC-42A3-9474-1A3956D46DE8}") = "Infrastructure", "Infrastructure", "{B179CCCC-DC8A-4284-998B-33567D9F6143}"
EndProject
Project("{9A19103F-16F7-4668-BE54-9A1E7A4F7556}") = "Heritage.Infrastructure.Data", "src\Services\Heritage\Infrastructure\Heritage.Infrastructure.Data\Heritage.Infrastructure.Data.csproj", "{B7B1BB2D-5F80-4509-957D-F6216032B2F3}"
EndProject
Project("{9A19103F-16F7-4668-BE54-9A1E7A4F7556}") = "Heritage.Domain.Interfaces", "src\Services\Heritage\Domain\Heritage.Domain.Interfaces\Heritage.Domain.Interfaces.csproj", "{76DEB079-1219-48AB-A77D-71FCFFC46B4B}"
EndProject
Project("{9A19103F-16F7-4668-BE54-9A1E7A4F7556}") = "Heritage.API", "src\Services\Heritage\Heritage.API\Heritage.API.csproj", "{2219B6FD-0574-4478-8914-EF5DC814BB38}"
EndProject
Project("{9A19103F-16F7-4668-BE54-9A1E7A4F7556}") = "Heritage.Infrastructure.Business", "src\Services\Heritage\Infrastructure\Heritage.Infrastructure.Business\Heritage.Infrastructure.Business.csproj", "{643917AD-55D9-4BE4-9C22-EB62EBF08605}"
EndProject
Project("{2150E333-8FDC-42A3-9474-1A3956D46DE8}") = "Services", "Services", "{9B6AC3C8-39D0-4159-B741-B35B56DA39BE}"
EndProject
Project("{9A19103F-16F7-4668-BE54-9A1E7A4F7556}") = "Heritage.Services.Interfaces", "src\Services\Heritage\Services\Heritage.Services.Interfaces\Heritage.Services.Interfaces.csproj", "{760FF0D5-3BF6-4786-B082-B88644336948}"
EndProject
Project("{2150E333-8FDC-42A3-9474-1A3956D46DE8}") = "Logger", "Logger", "{AA6B6AFD-6E6E-4863-B6A6-217D8B718DE2}"
	ProjectSection(SolutionItems) = preProject
		src\Services\Logger\Dockerfile = src\Services\Logger\Dockerfile
	EndProjectSection
EndProject
Project("{9A19103F-16F7-4668-BE54-9A1E7A4F7556}") = "Logger.API", "src\Services\Logger\Logger.API\Logger.API.csproj", "{D54C92EB-464F-4BB1-8366-D43B369DDC50}"
EndProject
Project("{2150E333-8FDC-42A3-9474-1A3956D46DE8}") = "FileService", "FileService", "{DCD4E7C2-8610-4D5D-A714-9BDEF6782BFE}"
	ProjectSection(SolutionItems) = preProject
		src\Services\FileService\Dockerfile = src\Services\FileService\Dockerfile
	EndProjectSection
EndProject
Project("{FAE04EC0-301F-11D3-BF4B-00C04F79EFBC}") = "FileService.API", "src\Services\FileService\FileService.API\FileService.API.csproj", "{3E0DA496-90E2-44DB-A3DA-304D4D9009F7}"
EndProject
Project("{2150E333-8FDC-42A3-9474-1A3956D46DE8}") = "Domain", "Domain", "{8843A51C-57D5-44E1-8A3C-1D4DE8D03DE6}"
EndProject
Project("{2150E333-8FDC-42A3-9474-1A3956D46DE8}") = "Infrastructure", "Infrastructure", "{EDCC1720-4B69-4568-9BA8-7F8700DD1900}"
EndProject
Project("{2150E333-8FDC-42A3-9474-1A3956D46DE8}") = "Services", "Services", "{DE2515F6-B3E1-43E0-8149-F325BC77DC9C}"
EndProject
Project("{FAE04EC0-301F-11D3-BF4B-00C04F79EFBC}") = "FileService.Domain.Core", "src\Services\FileService\Domain\FileService.Domain.Core\FileService.Domain.Core.csproj", "{94FF5857-1E0E-4467-8381-299573FA2D1F}"
EndProject
Project("{FAE04EC0-301F-11D3-BF4B-00C04F79EFBC}") = "FileService.Domain.Interfaces", "src\Services\FileService\Domain\FileService.Domain.Interfaces\FileService.Domain.Interfaces.csproj", "{85F88C53-B1CD-4567-98AA-DF0F262C76D1}"
EndProject
Project("{FAE04EC0-301F-11D3-BF4B-00C04F79EFBC}") = "FileService.Infrastructure.Business", "src\Services\FileService\Infrastructure\FileService.Infrastructure.Business\FileService.Infrastructure.Business.csproj", "{3DB1F9EB-95D0-4D71-8139-B942E38AAB74}"
EndProject
Project("{FAE04EC0-301F-11D3-BF4B-00C04F79EFBC}") = "FileService.Infrastructure.Data", "src\Services\FileService\Infrastructure\FileService.Infrastructure.Data\FileService.Infrastructure.Data.csproj", "{99B4D365-D3E1-4557-B488-D8F5803C2153}"
EndProject
Project("{FAE04EC0-301F-11D3-BF4B-00C04F79EFBC}") = "FileService.Services.Interfaces", "src\Services\FileService\Services\FileService.Services.Interfaces\FileService.Services.Interfaces.csproj", "{91252049-11F1-45A5-ABEF-4D9F6B6E659B}"
EndProject
Global
	GlobalSection(SolutionConfigurationPlatforms) = preSolution
		Debug|Any CPU = Debug|Any CPU
		Release|Any CPU = Release|Any CPU
	EndGlobalSection
	GlobalSection(ProjectConfigurationPlatforms) = postSolution
		{BF6EC550-7349-4E48-88BF-06FF19334968}.Debug|Any CPU.ActiveCfg = Debug|Any CPU
		{BF6EC550-7349-4E48-88BF-06FF19334968}.Debug|Any CPU.Build.0 = Debug|Any CPU
		{BF6EC550-7349-4E48-88BF-06FF19334968}.Release|Any CPU.ActiveCfg = Release|Any CPU
		{BF6EC550-7349-4E48-88BF-06FF19334968}.Release|Any CPU.Build.0 = Release|Any CPU
		{CE5934DE-FB09-4CCC-9B32-1F478E82DA09}.Debug|Any CPU.ActiveCfg = Debug|Any CPU
		{CE5934DE-FB09-4CCC-9B32-1F478E82DA09}.Debug|Any CPU.Build.0 = Debug|Any CPU
		{CE5934DE-FB09-4CCC-9B32-1F478E82DA09}.Release|Any CPU.ActiveCfg = Release|Any CPU
		{CE5934DE-FB09-4CCC-9B32-1F478E82DA09}.Release|Any CPU.Build.0 = Release|Any CPU
		{E5EA9E19-9400-41E7-91CA-DB58C6E7AF6D}.Debug|Any CPU.ActiveCfg = Debug|Any CPU
		{E5EA9E19-9400-41E7-91CA-DB58C6E7AF6D}.Debug|Any CPU.Build.0 = Debug|Any CPU
		{E5EA9E19-9400-41E7-91CA-DB58C6E7AF6D}.Release|Any CPU.ActiveCfg = Release|Any CPU
		{E5EA9E19-9400-41E7-91CA-DB58C6E7AF6D}.Release|Any CPU.Build.0 = Release|Any CPU
		{4312BEAD-2C5F-4C5E-A04A-F6522940143C}.Debug|Any CPU.ActiveCfg = Debug|Any CPU
		{4312BEAD-2C5F-4C5E-A04A-F6522940143C}.Debug|Any CPU.Build.0 = Debug|Any CPU
		{4312BEAD-2C5F-4C5E-A04A-F6522940143C}.Release|Any CPU.ActiveCfg = Release|Any CPU
		{4312BEAD-2C5F-4C5E-A04A-F6522940143C}.Release|Any CPU.Build.0 = Release|Any CPU
		{88E300CF-64EF-411F-AEDD-1E574DF09D78}.Debug|Any CPU.ActiveCfg = Debug|Any CPU
		{88E300CF-64EF-411F-AEDD-1E574DF09D78}.Debug|Any CPU.Build.0 = Debug|Any CPU
		{88E300CF-64EF-411F-AEDD-1E574DF09D78}.Release|Any CPU.ActiveCfg = Release|Any CPU
		{88E300CF-64EF-411F-AEDD-1E574DF09D78}.Release|Any CPU.Build.0 = Release|Any CPU
		{DBD33C3F-6252-4E5F-8F59-709B86D957AE}.Debug|Any CPU.ActiveCfg = Debug|Any CPU
		{DBD33C3F-6252-4E5F-8F59-709B86D957AE}.Debug|Any CPU.Build.0 = Debug|Any CPU
		{DBD33C3F-6252-4E5F-8F59-709B86D957AE}.Release|Any CPU.ActiveCfg = Release|Any CPU
		{DBD33C3F-6252-4E5F-8F59-709B86D957AE}.Release|Any CPU.Build.0 = Release|Any CPU
		{99EC5B6E-6EC1-472B-B1DB-7D1BDA7D42F5}.Debug|Any CPU.ActiveCfg = Debug|Any CPU
		{99EC5B6E-6EC1-472B-B1DB-7D1BDA7D42F5}.Debug|Any CPU.Build.0 = Debug|Any CPU
		{99EC5B6E-6EC1-472B-B1DB-7D1BDA7D42F5}.Release|Any CPU.ActiveCfg = Release|Any CPU
		{99EC5B6E-6EC1-472B-B1DB-7D1BDA7D42F5}.Release|Any CPU.Build.0 = Release|Any CPU
		{8869C948-E83D-4B0E-B5D9-2EBADC3F0BEF}.Debug|Any CPU.ActiveCfg = Debug|Any CPU
		{8869C948-E83D-4B0E-B5D9-2EBADC3F0BEF}.Debug|Any CPU.Build.0 = Debug|Any CPU
		{8869C948-E83D-4B0E-B5D9-2EBADC3F0BEF}.Release|Any CPU.ActiveCfg = Release|Any CPU
		{8869C948-E83D-4B0E-B5D9-2EBADC3F0BEF}.Release|Any CPU.Build.0 = Release|Any CPU
		{670AECB4-423F-44DA-BE63-A799C7A97159}.Debug|Any CPU.ActiveCfg = Debug|Any CPU
		{670AECB4-423F-44DA-BE63-A799C7A97159}.Debug|Any CPU.Build.0 = Debug|Any CPU
		{670AECB4-423F-44DA-BE63-A799C7A97159}.Release|Any CPU.ActiveCfg = Release|Any CPU
		{670AECB4-423F-44DA-BE63-A799C7A97159}.Release|Any CPU.Build.0 = Release|Any CPU
		{B7B1BB2D-5F80-4509-957D-F6216032B2F3}.Debug|Any CPU.ActiveCfg = Debug|Any CPU
		{B7B1BB2D-5F80-4509-957D-F6216032B2F3}.Debug|Any CPU.Build.0 = Debug|Any CPU
		{B7B1BB2D-5F80-4509-957D-F6216032B2F3}.Release|Any CPU.ActiveCfg = Release|Any CPU
		{B7B1BB2D-5F80-4509-957D-F6216032B2F3}.Release|Any CPU.Build.0 = Release|Any CPU
		{76DEB079-1219-48AB-A77D-71FCFFC46B4B}.Debug|Any CPU.ActiveCfg = Debug|Any CPU
		{76DEB079-1219-48AB-A77D-71FCFFC46B4B}.Debug|Any CPU.Build.0 = Debug|Any CPU
		{76DEB079-1219-48AB-A77D-71FCFFC46B4B}.Release|Any CPU.ActiveCfg = Release|Any CPU
		{76DEB079-1219-48AB-A77D-71FCFFC46B4B}.Release|Any CPU.Build.0 = Release|Any CPU
		{2219B6FD-0574-4478-8914-EF5DC814BB38}.Debug|Any CPU.ActiveCfg = Debug|Any CPU
		{2219B6FD-0574-4478-8914-EF5DC814BB38}.Debug|Any CPU.Build.0 = Debug|Any CPU
		{2219B6FD-0574-4478-8914-EF5DC814BB38}.Release|Any CPU.ActiveCfg = Release|Any CPU
		{2219B6FD-0574-4478-8914-EF5DC814BB38}.Release|Any CPU.Build.0 = Release|Any CPU
		{643917AD-55D9-4BE4-9C22-EB62EBF08605}.Debug|Any CPU.ActiveCfg = Debug|Any CPU
		{643917AD-55D9-4BE4-9C22-EB62EBF08605}.Debug|Any CPU.Build.0 = Debug|Any CPU
		{643917AD-55D9-4BE4-9C22-EB62EBF08605}.Release|Any CPU.ActiveCfg = Release|Any CPU
		{643917AD-55D9-4BE4-9C22-EB62EBF08605}.Release|Any CPU.Build.0 = Release|Any CPU
		{760FF0D5-3BF6-4786-B082-B88644336948}.Debug|Any CPU.ActiveCfg = Debug|Any CPU
		{760FF0D5-3BF6-4786-B082-B88644336948}.Debug|Any CPU.Build.0 = Debug|Any CPU
		{760FF0D5-3BF6-4786-B082-B88644336948}.Release|Any CPU.ActiveCfg = Release|Any CPU
		{760FF0D5-3BF6-4786-B082-B88644336948}.Release|Any CPU.Build.0 = Release|Any CPU
		{D54C92EB-464F-4BB1-8366-D43B369DDC50}.Debug|Any CPU.ActiveCfg = Debug|Any CPU
		{D54C92EB-464F-4BB1-8366-D43B369DDC50}.Debug|Any CPU.Build.0 = Debug|Any CPU
		{D54C92EB-464F-4BB1-8366-D43B369DDC50}.Release|Any CPU.ActiveCfg = Release|Any CPU
		{D54C92EB-464F-4BB1-8366-D43B369DDC50}.Release|Any CPU.Build.0 = Release|Any CPU
		{3E0DA496-90E2-44DB-A3DA-304D4D9009F7}.Debug|Any CPU.ActiveCfg = Debug|Any CPU
		{3E0DA496-90E2-44DB-A3DA-304D4D9009F7}.Debug|Any CPU.Build.0 = Debug|Any CPU
		{3E0DA496-90E2-44DB-A3DA-304D4D9009F7}.Release|Any CPU.ActiveCfg = Release|Any CPU
		{3E0DA496-90E2-44DB-A3DA-304D4D9009F7}.Release|Any CPU.Build.0 = Release|Any CPU
		{94FF5857-1E0E-4467-8381-299573FA2D1F}.Debug|Any CPU.ActiveCfg = Debug|Any CPU
		{94FF5857-1E0E-4467-8381-299573FA2D1F}.Debug|Any CPU.Build.0 = Debug|Any CPU
		{94FF5857-1E0E-4467-8381-299573FA2D1F}.Release|Any CPU.ActiveCfg = Release|Any CPU
		{94FF5857-1E0E-4467-8381-299573FA2D1F}.Release|Any CPU.Build.0 = Release|Any CPU
		{85F88C53-B1CD-4567-98AA-DF0F262C76D1}.Debug|Any CPU.ActiveCfg = Debug|Any CPU
		{85F88C53-B1CD-4567-98AA-DF0F262C76D1}.Debug|Any CPU.Build.0 = Debug|Any CPU
		{85F88C53-B1CD-4567-98AA-DF0F262C76D1}.Release|Any CPU.ActiveCfg = Release|Any CPU
		{85F88C53-B1CD-4567-98AA-DF0F262C76D1}.Release|Any CPU.Build.0 = Release|Any CPU
		{3DB1F9EB-95D0-4D71-8139-B942E38AAB74}.Debug|Any CPU.ActiveCfg = Debug|Any CPU
		{3DB1F9EB-95D0-4D71-8139-B942E38AAB74}.Debug|Any CPU.Build.0 = Debug|Any CPU
		{3DB1F9EB-95D0-4D71-8139-B942E38AAB74}.Release|Any CPU.ActiveCfg = Release|Any CPU
		{3DB1F9EB-95D0-4D71-8139-B942E38AAB74}.Release|Any CPU.Build.0 = Release|Any CPU
		{99B4D365-D3E1-4557-B488-D8F5803C2153}.Debug|Any CPU.ActiveCfg = Debug|Any CPU
		{99B4D365-D3E1-4557-B488-D8F5803C2153}.Debug|Any CPU.Build.0 = Debug|Any CPU
		{99B4D365-D3E1-4557-B488-D8F5803C2153}.Release|Any CPU.ActiveCfg = Release|Any CPU
		{99B4D365-D3E1-4557-B488-D8F5803C2153}.Release|Any CPU.Build.0 = Release|Any CPU
		{91252049-11F1-45A5-ABEF-4D9F6B6E659B}.Debug|Any CPU.ActiveCfg = Debug|Any CPU
		{91252049-11F1-45A5-ABEF-4D9F6B6E659B}.Debug|Any CPU.Build.0 = Debug|Any CPU
		{91252049-11F1-45A5-ABEF-4D9F6B6E659B}.Release|Any CPU.ActiveCfg = Release|Any CPU
		{91252049-11F1-45A5-ABEF-4D9F6B6E659B}.Release|Any CPU.Build.0 = Release|Any CPU
	EndGlobalSection
	GlobalSection(SolutionProperties) = preSolution
		HideSolutionNode = FALSE
	EndGlobalSection
	GlobalSection(NestedProjects) = preSolution
		{B9F19542-203A-476B-A94C-FFF016730066} = {0DCA2E42-3C78-45CD-AF8A-BA569F8F57CB}
		{887CBD3D-45D4-4807-B2B5-839509DF342D} = {0DCA2E42-3C78-45CD-AF8A-BA569F8F57CB}
		{BF6EC550-7349-4E48-88BF-06FF19334968} = {887CBD3D-45D4-4807-B2B5-839509DF342D}
		{64A22F18-976E-4FAD-B414-4756870D7CA1} = {B9F19542-203A-476B-A94C-FFF016730066}
		{CE5934DE-FB09-4CCC-9B32-1F478E82DA09} = {64A22F18-976E-4FAD-B414-4756870D7CA1}
		{56A107FB-0890-427E-A891-D847A51B8A1E} = {64A22F18-976E-4FAD-B414-4756870D7CA1}
		{C37ADBB1-537E-44AE-B02B-B286BC60E14F} = {64A22F18-976E-4FAD-B414-4756870D7CA1}
		{5FD99E7F-5DB2-4F23-BA89-85AB844911BB} = {64A22F18-976E-4FAD-B414-4756870D7CA1}
		{4312BEAD-2C5F-4C5E-A04A-F6522940143C} = {56A107FB-0890-427E-A891-D847A51B8A1E}
		{88E300CF-64EF-411F-AEDD-1E574DF09D78} = {56A107FB-0890-427E-A891-D847A51B8A1E}
		{DBD33C3F-6252-4E5F-8F59-709B86D957AE} = {C37ADBB1-537E-44AE-B02B-B286BC60E14F}
		{99EC5B6E-6EC1-472B-B1DB-7D1BDA7D42F5} = {C37ADBB1-537E-44AE-B02B-B286BC60E14F}
		{8869C948-E83D-4B0E-B5D9-2EBADC3F0BEF} = {5FD99E7F-5DB2-4F23-BA89-85AB844911BB}
		{2CFF306F-3B53-45A2-A3FE-31FB854A431C} = {B9F19542-203A-476B-A94C-FFF016730066}
		{D8245ECF-CBAF-4B77-9CFC-0B6FD6864951} = {2CFF306F-3B53-45A2-A3FE-31FB854A431C}
		{670AECB4-423F-44DA-BE63-A799C7A97159} = {D8245ECF-CBAF-4B77-9CFC-0B6FD6864951}
		{B179CCCC-DC8A-4284-998B-33567D9F6143} = {2CFF306F-3B53-45A2-A3FE-31FB854A431C}
		{B7B1BB2D-5F80-4509-957D-F6216032B2F3} = {B179CCCC-DC8A-4284-998B-33567D9F6143}
		{76DEB079-1219-48AB-A77D-71FCFFC46B4B} = {D8245ECF-CBAF-4B77-9CFC-0B6FD6864951}
		{2219B6FD-0574-4478-8914-EF5DC814BB38} = {2CFF306F-3B53-45A2-A3FE-31FB854A431C}
		{643917AD-55D9-4BE4-9C22-EB62EBF08605} = {B179CCCC-DC8A-4284-998B-33567D9F6143}
		{9B6AC3C8-39D0-4159-B741-B35B56DA39BE} = {2CFF306F-3B53-45A2-A3FE-31FB854A431C}
		{760FF0D5-3BF6-4786-B082-B88644336948} = {9B6AC3C8-39D0-4159-B741-B35B56DA39BE}
		{AA6B6AFD-6E6E-4863-B6A6-217D8B718DE2} = {B9F19542-203A-476B-A94C-FFF016730066}
		{D54C92EB-464F-4BB1-8366-D43B369DDC50} = {AA6B6AFD-6E6E-4863-B6A6-217D8B718DE2}
		{DCD4E7C2-8610-4D5D-A714-9BDEF6782BFE} = {B9F19542-203A-476B-A94C-FFF016730066}
		{3E0DA496-90E2-44DB-A3DA-304D4D9009F7} = {DCD4E7C2-8610-4D5D-A714-9BDEF6782BFE}
		{8843A51C-57D5-44E1-8A3C-1D4DE8D03DE6} = {DCD4E7C2-8610-4D5D-A714-9BDEF6782BFE}
		{EDCC1720-4B69-4568-9BA8-7F8700DD1900} = {DCD4E7C2-8610-4D5D-A714-9BDEF6782BFE}
		{DE2515F6-B3E1-43E0-8149-F325BC77DC9C} = {DCD4E7C2-8610-4D5D-A714-9BDEF6782BFE}
		{94FF5857-1E0E-4467-8381-299573FA2D1F} = {8843A51C-57D5-44E1-8A3C-1D4DE8D03DE6}
		{85F88C53-B1CD-4567-98AA-DF0F262C76D1} = {8843A51C-57D5-44E1-8A3C-1D4DE8D03DE6}
		{3DB1F9EB-95D0-4D71-8139-B942E38AAB74} = {EDCC1720-4B69-4568-9BA8-7F8700DD1900}
		{99B4D365-D3E1-4557-B488-D8F5803C2153} = {EDCC1720-4B69-4568-9BA8-7F8700DD1900}
		{91252049-11F1-45A5-ABEF-4D9F6B6E659B} = {DE2515F6-B3E1-43E0-8149-F325BC77DC9C}
	EndGlobalSection
	GlobalSection(ExtensibilityGlobals) = postSolution
		SolutionGuid = {8618BDEA-68A0-44F6-818D-17A1F6065088}
	EndGlobalSection
EndGlobal
